// !$*UTF8*$!
{
	archiveVersion = 1;
	classes = {
	};
	objectVersion = 55;
	objects = {

/* Begin PBXBuildFile section */
		CC5B05D0282E446E006B5257 /* AppDelegate.swift in Sources */ = {isa = PBXBuildFile; fileRef = CC5B05CF282E446E006B5257 /* AppDelegate.swift */; };
		CC5B05D2282E446E006B5257 /* SceneDelegate.swift in Sources */ = {isa = PBXBuildFile; fileRef = CC5B05D1282E446E006B5257 /* SceneDelegate.swift */; };
		CC5B05D7282E446E006B5257 /* Main.storyboard in Resources */ = {isa = PBXBuildFile; fileRef = CC5B05D5282E446E006B5257 /* Main.storyboard */; };
		CC5B05D9282E446F006B5257 /* Assets.xcassets in Resources */ = {isa = PBXBuildFile; fileRef = CC5B05D8282E446F006B5257 /* Assets.xcassets */; };
		CC5B05DC282E446F006B5257 /* LaunchScreen.storyboard in Resources */ = {isa = PBXBuildFile; fileRef = CC5B05DA282E446F006B5257 /* LaunchScreen.storyboard */; };
		CC5B05E4282E48B4006B5257 /* TableViewController.swift in Sources */ = {isa = PBXBuildFile; fileRef = CC5B05E3282E48B4006B5257 /* TableViewController.swift */; };
		CC5B05E6282E4911006B5257 /* ADDViewController.swift in Sources */ = {isa = PBXBuildFile; fileRef = CC5B05E5282E4911006B5257 /* ADDViewController.swift */; };
		CC5B05E8282E492D006B5257 /* DetailViewController.swift in Sources */ = {isa = PBXBuildFile; fileRef = CC5B05E7282E492D006B5257 /* DetailViewController.swift */; };
		CC5B05EC282E4C98006B5257 /* pencil.png in Resources */ = {isa = PBXBuildFile; fileRef = CC5B05E9282E4C98006B5257 /* pencil.png */; };
		CC5B05ED282E4C98006B5257 /* cart.png in Resources */ = {isa = PBXBuildFile; fileRef = CC5B05EA282E4C98006B5257 /* cart.png */; };
		CC5B05EE282E4C98006B5257 /* clock.png in Resources */ = {isa = PBXBuildFile; fileRef = CC5B05EB282E4C98006B5257 /* clock.png */; };
/* End PBXBuildFile section */

/* Begin PBXFileReference section */
		CC5B05CC282E446E006B5257 /* Table.app */ = {isa = PBXFileReference; explicitFileType = wrapper.application; includeInIndex = 0; path = Table.app; sourceTree = BUILT_PRODUCTS_DIR; };
		CC5B05CF282E446E006B5257 /* AppDelegate.swift */ = {isa = PBXFileReference; lastKnownFileType = sourcecode.swift; path = AppDelegate.swift; sourceTree = "<group>"; };
		CC5B05D1282E446E006B5257 /* SceneDelegate.swift */ = {isa = PBXFileReference; lastKnownFileType = sourcecode.swift; path = SceneDelegate.swift; sourceTree = "<group>"; };
		CC5B05D6282E446E006B5257 /* Base */ = {isa = PBXFileReference; lastKnownFileType = file.storyboard; name = Base; path = Base.lproj/Main.storyboard; sourceTree = "<group>"; };
		CC5B05D8282E446F006B5257 /* Assets.xcassets */ = {isa = PBXFileReference; lastKnownFileType = folder.assetcatalog; path = Assets.xcassets; sourceTree = "<group>"; };
		CC5B05DB282E446F006B5257 /* Base */ = {isa = PBXFileReference; lastKnownFileType = file.storyboard; name = Base; path = Base.lproj/LaunchScreen.storyboard; sourceTree = "<group>"; };
		CC5B05DD282E446F006B5257 /* Info.plist */ = {isa = PBXFileReference; lastKnownFileType = text.plist.xml; path = Info.plist; sourceTree = "<group>"; };
		CC5B05E3282E48B4006B5257 /* TableViewController.swift */ = {isa = PBXFileReference; lastKnownFileType = sourcecode.swift; path = TableViewController.swift; sourceTree = "<group>"; };
		CC5B05E5282E4911006B5257 /* ADDViewController.swift */ = {isa = PBXFileReference; lastKnownFileType = sourcecode.swift; path = ADDViewController.swift; sourceTree = "<group>"; };
		CC5B05E7282E492D006B5257 /* DetailViewController.swift */ = {isa = PBXFileReference; lastKnownFileType = sourcecode.swift; path = DetailViewController.swift; sourceTree = "<group>"; };
		CC5B05E9282E4C98006B5257 /* pencil.png */ = {isa = PBXFileReference; lastKnownFileType = image.png; name = pencil.png; path = ../../../../Downloads/pencil.png; sourceTree = "<group>"; };
		CC5B05EA282E4C98006B5257 /* cart.png */ = {isa = PBXFileReference; lastKnownFileType = image.png; name = cart.png; path = ../../../../Downloads/cart.png; sourceTree = "<group>"; };
		CC5B05EB282E4C98006B5257 /* clock.png */ = {isa = PBXFileReference; lastKnownFileType = image.png; name = clock.png; path = ../../../../Downloads/clock.png; sourceTree = "<group>"; };
/* End PBXFileReference section */

/* Begin PBXFrameworksBuildPhase section */
		CC5B05C9282E446E006B5257 /* Frameworks */ = {
			isa = PBXFrameworksBuildPhase;
			buildActionMask = 2147483647;
			files = (
			);
			runOnlyForDeploymentPostprocessing = 0;
		};
/* End PBXFrameworksBuildPhase section */

/* Begin PBXGroup section */
		CC5B05C3282E446E006B5257 = {
			isa = PBXGroup;
			children = (
				CC5B05CE282E446E006B5257 /* Table */,
				CC5B05CD282E446E006B5257 /* Products */,
			);
			sourceTree = "<group>";
		};
		CC5B05CD282E446E006B5257 /* Products */ = {
			isa = PBXGroup;
			children = (
				CC5B05CC282E446E006B5257 /* Table.app */,
			);
			name = Products;
			sourceTree = "<group>";
		};
		CC5B05CE282E446E006B5257 /* Table */ = {
			isa = PBXGroup;
			children = (
				CC5B05EA282E4C98006B5257 /* cart.png */,
				CC5B05EB282E4C98006B5257 /* clock.png */,
				CC5B05E9282E4C98006B5257 /* pencil.png */,
				CC5B05CF282E446E006B5257 /* AppDelegate.swift */,
				CC5B05E3282E48B4006B5257 /* TableViewController.swift */,
				CC5B05E5282E4911006B5257 /* ADDViewController.swift */,
				CC5B05E7282E492D006B5257 /* DetailViewController.swift */,
				CC5B05D1282E446E006B5257 /* SceneDelegate.swift */,
				CC5B05D5282E446E006B5257 /* Main.storyboard */,
				CC5B05D8282E446F006B5257 /* Assets.xcassets */,
				CC5B05DA282E446F006B5257 /* LaunchScreen.storyboard */,
				CC5B05DD282E446F006B5257 /* Info.plist */,
			);
			path = Table;
			sourceTree = "<group>";
		};
/* End PBXGroup section */

/* Begin PBXNativeTarget section */
		CC5B05CB282E446E006B5257 /* Table */ = {
			isa = PBXNativeTarget;
			buildConfigurationList = CC5B05E0282E446F006B5257 /* Build configuration list for PBXNativeTarget "Table" */;
			buildPhases = (
				CC5B05C8282E446E006B5257 /* Sources */,
				CC5B05C9282E446E006B5257 /* Frameworks */,
				CC5B05CA282E446E006B5257 /* Resources */,
			);
			buildRules = (
			);
			dependencies = (
			);
			name = Table;
			productName = Table;
			productReference = CC5B05CC282E446E006B5257 /* Table.app */;
			productType = "com.apple.product-type.application";
		};
/* End PBXNativeTarget section */

/* Begin PBXProject section */
		CC5B05C4282E446E006B5257 /* Project object */ = {
			isa = PBXProject;
			attributes = {
				BuildIndependentTargetsInParallel = 1;
				LastSwiftUpdateCheck = 1320;
				LastUpgradeCheck = 1320;
				TargetAttributes = {
					CC5B05CB282E446E006B5257 = {
						CreatedOnToolsVersion = 13.2.1;
					};
				};
			};
			buildConfigurationList = CC5B05C7282E446E006B5257 /* Build configuration list for PBXProject "Table" */;
			compatibilityVersion = "Xcode 13.0";
			developmentRegion = en;
			hasScannedForEncodings = 0;
			knownRegions = (
				en,
				Base,
			);
			mainGroup = CC5B05C3282E446E006B5257;
			productRefGroup = CC5B05CD282E446E006B5257 /* Products */;
			projectDirPath = "";
			projectRoot = "";
			targets = (
				CC5B05CB282E446E006B5257 /* Table */,
			);
		};
/* End PBXProject section */

/* Begin PBXResourcesBuildPhase section */
		CC5B05CA282E446E006B5257 /* Resources */ = {
			isa = PBXResourcesBuildPhase;
			buildActionMask = 2147483647;
			files = (
				CC5B05EE282E4C98006B5257 /* clock.png in Resources */,
				CC5B05EC282E4C98006B5257 /* pencil.png in Resources */,
				CC5B05ED282E4C98006B5257 /* cart.png in Resources */,
				CC5B05DC282E446F006B5257 /* LaunchScreen.storyboard in Resources */,
				CC5B05D9282E446F006B5257 /* Assets.xcassets in Resources */,
				CC5B05D7282E446E006B5257 /* Main.storyboard in Resources */,
			);
			runOnlyForDeploymentPostprocessing = 0;
		};
/* End PBXResourcesBuildPhase section */

/* Begin PBXSourcesBuildPhase section */
		CC5B05C8282E446E006B5257 /* Sources */ = {
			isa = PBXSourcesBuildPhase;
			buildActionMask = 2147483647;
			files = (
				CC5B05D0282E446E006B5257 /* AppDelegate.swift in Sources */,
				CC5B05E4282E48B4006B5257 /* TableViewController.swift in Sources */,
				CC5B05E8282E492D006B5257 /* DetailViewController.swift in Sources */,
				CC5B05E6282E4911006B5257 /* ADDViewController.swift in Sources */,
				CC5B05D2282E446E006B5257 /* SceneDelegate.swift in Sources */,
			);
			runOnlyForDeploymentPostprocessing = 0;
		};
/* End PBXSourcesBuildPhase section */

/* Begin PBXVariantGroup section */
		CC5B05D5282E446E006B5257 /* Main.storyboard */ = {
			isa = PBXVariantGroup;
			children = (
				CC5B05D6282E446E006B5257 /* Base */,
			);
			name = Main.storyboard;
			sourceTree = "<group>";
		};
		CC5B05DA282E446F006B5257 /* LaunchScreen.storyboard */ = {
			isa = PBXVariantGroup;
			children = (
				CC5B05DB282E446F006B5257 /* Base */,
			);
			name = LaunchScreen.storyboard;
			sourceTree = "<group>";
		};
/* End PBXVariantGroup section */

/* Begin XCBuildConfiguration section */
		CC5B05DE282E446F006B5257 /* Debug */ = {
			isa = XCBuildConfiguration;
			buildSettings = {
				ALWAYS_SEARCH_USER_PATHS = NO;
				CLANG_ANALYZER_NONNULL = YES;
				CLANG_ANALYZER_NUMBER_OBJECT_CONVERSION = YES_AGGRESSIVE;
				CLANG_CXX_LANGUAGE_STANDARD = "gnu++17";
				CLANG_CXX_LIBRARY = "libc++";
				CLANG_ENABLE_MODULES = YES;
				CLANG_ENABLE_OBJC_ARC = YES;
				CLANG_ENABLE_OBJC_WEAK = YES;
				CLANG_WARN_BLOCK_CAPTURE_AUTORELEASING = YES;
				CLANG_WARN_BOOL_CONVERSION = YES;
				CLANG_WARN_COMMA = YES;
				CLANG_WARN_CONSTANT_CONVERSION = YES;
				CLANG_WARN_DEPRECATED_OBJC_IMPLEMENTATIONS = YES;
				CLANG_WARN_DIRECT_OBJC_ISA_USAGE = YES_ERROR;
				CLANG_WARN_DOCUMENTATION_COMMENTS = YES;
				CLANG_WARN_EMPTY_BODY = YES;
				CLANG_WARN_ENUM_CONVERSION = YES;
				CLANG_WARN_INFINITE_RECURSION = YES;
				CLANG_WARN_INT_CONVERSION = YES;
				CLANG_WARN_NON_LITERAL_NULL_CONVERSION = YES;
				CLANG_WARN_OBJC_IMPLICIT_RETAIN_SELF = YES;
				CLANG_WARN_OBJC_LITERAL_CONVERSION = YES;
				CLANG_WARN_OBJC_ROOT_CLASS = YES_ERROR;
				CLANG_WARN_QUOTED_INCLUDE_IN_FRAMEWORK_HEADER = YES;
				CLANG_WARN_RANGE_LOOP_ANALYSIS = YES;
				CLANG_WARN_STRICT_PROTOTYPES = YES;
				CLANG_WARN_SUSPICIOUS_MOVE = YES;
				CLANG_WARN_UNGUARDED_AVAILABILITY = YES_AGGRESSIVE;
				CLANG_WARN_UNREACHABLE_CODE = YES;
				CLANG_WARN__DUPLICATE_METHOD_MATCH = YES;
				COPY_PHASE_STRIP = NO;
				DEBUG_INFORMATION_FORMAT = dwarf;
				ENABLE_STRICT_OBJC_MSGSEND = YES;
				ENABLE_TESTABILITY = YES;
				GCC_C_LANGUAGE_STANDARD = gnu11;
				GCC_DYNAMIC_NO_PIC = NO;
				GCC_NO_COMMON_BLOCKS = YES;
				GCC_OPTIMIZATION_LEVEL = 0;
				GCC_PREPROCESSOR_DEFINITIONS = (
					"DEBUG=1",
					"$(inherited)",
				);
				GCC_WARN_64_TO_32_BIT_CONVERSION = YES;
				GCC_WARN_ABOUT_RETURN_TYPE = YES_ERROR;
				GCC_WARN_UNDECLARED_SELECTOR = YES;
				GCC_WARN_UNINITIALIZED_AUTOS = YES_AGGRESSIVE;
				GCC_WARN_UNUSED_FUNCTION = YES;
				GCC_WARN_UNUSED_VARIABLE = YES;
				IPHONEOS_DEPLOYMENT_TARGET = 15.2;
				MTL_ENABLE_DEBUG_INFO = INCLUDE_SOURCE;
				MTL_FAST_MATH = YES;
				ONLY_ACTIVE_ARCH = YES;
				SDKROOT = iphoneos;
				SWIFT_ACTIVE_COMPILATION_CONDITIONS = DEBUG;
				SWIFT_OPTIMIZATION_LEVEL = "-Onone";
			};
			name = Debug;
		};
		CC5B05DF282E446F006B5257 /* Release */ = {
			isa = XCBuildConfiguration;
			buildSettings = {
				ALWAYS_SEARCH_USER_PATHS = NO;
				CLANG_ANALYZER_NONNULL = YES;
				CLANG_ANALYZER_NUMBER_OBJECT_CONVERSION = YES_AGGRESSIVE;
				CLANG_CXX_LANGUAGE_STANDARD = "gnu++17";
				CLANG_CXX_LIBRARY = "libc++";
				CLANG_ENABLE_MODULES = YES;
				CLANG_ENABLE_OBJC_ARC = YES;
				CLANG_ENABLE_OBJC_WEAK = YES;
				CLANG_WARN_BLOCK_CAPTURE_AUTORELEASING = YES;
				CLANG_WARN_BOOL_CONVERSION = YES;
				CLANG_WARN_COMMA = YES;
				CLANG_WARN_CONSTANT_CONVERSION = YES;
				CLANG_WARN_DEPRECATED_OBJC_IMPLEMENTATIONS = YES;
				CLANG_WARN_DIRECT_OBJC_ISA_USAGE = YES_ERROR;
				CLANG_WARN_DOCUMENTATION_COMMENTS = YES;
				CLANG_WARN_EMPTY_BODY = YES;
				CLANG_WARN_ENUM_CONVERSION = YES;
				CLANG_WARN_INFINITE_RECURSION = YES;
				CLANG_WARN_INT_CONVERSION = YES;
				CLANG_WARN_NON_LITERAL_NULL_CONVERSION = YES;
				CLANG_WARN_OBJC_IMPLICIT_RETAIN_SELF = YES;
				CLANG_WARN_OBJC_LITERAL_CONVERSION = YES;
				CLANG_WARN_OBJC_ROOT_CLASS = YES_ERROR;
				CLANG_WARN_QUOTED_INCLUDE_IN_FRAMEWORK_HEADER = YES;
				CLANG_WARN_RANGE_LOOP_ANALYSIS = YES;
				CLANG_WARN_STRICT_PROTOTYPES = YES;
				CLANG_WARN_SUSPICIOUS_MOVE = YES;
				CLANG_WARN_UNGUARDED_AVAILABILITY = YES_AGGRESSIVE;
				CLANG_WARN_UNREACHABLE_CODE = YES;
				CLANG_WARN__DUPLICATE_METHOD_MATCH = YES;
				COPY_PHASE_STRIP = NO;
				DEBUG_INFORMATION_FORMAT = "dwarf-with-dsym";
				ENABLE_NS_ASSERTIONS = NO;
				ENABLE_STRICT_OBJC_MSGSEND = YES;
				GCC_C_LANGUAGE_STANDARD = gnu11;
				GCC_NO_COMMON_BLOCKS = YES;
				GCC_WARN_64_TO_32_BIT_CONVERSION = YES;
				GCC_WARN_ABOUT_RETURN_TYPE = YES_ERROR;
				GCC_WARN_UNDECLARED_SELECTOR = YES;
				GCC_WARN_UNINITIALIZED_AUTOS = YES_AGGRESSIVE;
				GCC_WARN_UNUSED_FUNCTION = YES;
				GCC_WARN_UNUSED_VARIABLE = YES;
				IPHONEOS_DEPLOYMENT_TARGET = 15.2;
				MTL_ENABLE_DEBUG_INFO = NO;
				MTL_FAST_MATH = YES;
				SDKROOT = iphoneos;
				SWIFT_COMPILATION_MODE = wholemodule;
				SWIFT_OPTIMIZATION_LEVEL = "-O";
				VALIDATE_PRODUCT = YES;
			};
			name = Release;
		};
		CC5B05E1282E446F006B5257 /* Debug */ = {
			isa = XCBuildConfiguration;
			buildSettings = {
				ASSETCATALOG_COMPILER_APPICON_NAME = AppIcon;
				ASSETCATALOG_COMPILER_GLOBAL_ACCENT_COLOR_NAME = AccentColor;
				CODE_SIGN_STYLE = Automatic;
				CURRENT_PROJECT_VERSION = 1;
				GENERATE_INFOPLIST_FILE = YES;
				INFOPLIST_FILE = Table/Info.plist;
				INFOPLIST_KEY_UIApplicationSupportsIndirectInputEvents = YES;
				INFOPLIST_KEY_UILaunchStoryboardName = LaunchScreen;
				INFOPLIST_KEY_UIMainStoryboardFile = Main;
				INFOPLIST_KEY_UISupportedInterfaceOrientations_iPad = "UIInterfaceOrientationPortrait UIInterfaceOrientationPortraitUpsideDown UIInterfaceOrientationLandscapeLeft UIInterfaceOrientationLandscapeRight";
				INFOPLIST_KEY_UISupportedInterfaceOrientations_iPhone = "UIInterfaceOrientationPortrait UIInterfaceOrientationLandscapeLeft UIInterfaceOrientationLandscapeRight";
				LD_RUNPATH_SEARCH_PATHS = (
					"$(inherited)",
					"@executable_path/Frameworks",
				);
				MARKETING_VERSION = 1.0;
				PRODUCT_BUNDLE_IDENTIFIER = kr.ac.induk.www.Table;
				PRODUCT_NAME = "$(TARGET_NAME)";
				SWIFT_EMIT_LOC_STRINGS = YES;
				SWIFT_VERSION = 5.0;
				TARGETED_DEVICE_FAMILY = "1,2";
			};
			name = Debug;
		};
		CC5B05E2282E446F006B5257 /* Release */ = {
			isa = XCBuildConfiguration;
			buildSettings = {
				ASSETCATALOG_COMPILER_APPICON_NAME = AppIcon;
				ASSETCATALOG_COMPILER_GLOBAL_ACCENT_COLOR_NAME = AccentColor;
				CODE_SIGN_STYLE = Automatic;
				CURRENT_PROJECT_VERSION = 1;
				GENERATE_INFOPLIST_FILE = YES;
				INFOPLIST_FILE = Table/Info.plist;
				INFOPLIST_KEY_UIApplicationSupportsIndirectInputEvents = YES;
				INFOPLIST_KEY_UILaunchStoryboardName = LaunchScreen;
				INFOPLIST_KEY_UIMainStoryboardFile = Main;
				INFOPLIST_KEY_UISupportedInterfaceOrientations_iPad = "UIInterfaceOrientationPortrait UIInterfaceOrientationPortraitUpsideDown UIInterfaceOrientationLandscapeLeft UIInterfaceOrientationLandscapeRight";
				INFOPLIST_KEY_UISupportedInterfaceOrientations_iPhone = "UIInterfaceOrientationPortrait UIInterfaceOrientationLandscapeLeft UIInterfaceOrientationLandscapeRight";
				LD_RUNPATH_SEARCH_PATHS = (
					"$(inherited)",
					"@executable_path/Frameworks",
				);
				MARKETING_VERSION = 1.0;
				PRODUCT_BUNDLE_IDENTIFIER = kr.ac.induk.www.Table;
				PRODUCT_NAME = "$(TARGET_NAME)";
				SWIFT_EMIT_LOC_STRINGS = YES;
				SWIFT_VERSION = 5.0;
				TARGETED_DEVICE_FAMILY = "1,2";
			};
			name = Release;
		};
/* End XCBuildConfiguration section */

/* Begin XCConfigurationList section */
		CC5B05C7282E446E006B5257 /* Build configuration list for PBXProject "Table" */ = {
			isa = XCConfigurationList;
			buildConfigurations = (
				CC5B05DE282E446F006B5257 /* Debug */,
				CC5B05DF282E446F006B5257 /* Release */,
			);
			defaultConfigurationIsVisible = 0;
			defaultConfigurationName = Release;
		};
		CC5B05E0282E446F006B5257 /* Build configuration list for PBXNativeTarget "Table" */ = {
			isa = XCConfigurationList;
			buildConfigurations = (
				CC5B05E1282E446F006B5257 /* Debug */,
				CC5B05E2282E446F006B5257 /* Release */,
			);
			defaultConfigurationIsVisible = 0;
			defaultConfigurationName = Release;
		};
/* End XCConfigurationList section */
	};
	rootObject = CC5B05C4282E446E006B5257 /* Project object */;
}
